// !$*UTF8*$!
{
	archiveVersion = 1;
	classes = {
	};
	objectVersion = 50;
	objects = {

/* Begin PBXBuildFile section */
		8D0D6F0425C3192B00E01B43 /* trySwiftActivitiesApp.swift in Sources */ = {isa = PBXBuildFile; fileRef = 8D0D6F0325C3192B00E01B43 /* trySwiftActivitiesApp.swift */; };
		8D0D6F0625C3192B00E01B43 /* ContentView.swift in Sources */ = {isa = PBXBuildFile; fileRef = 8D0D6F0525C3192B00E01B43 /* ContentView.swift */; };
		8D0D6F0825C3192C00E01B43 /* Assets.xcassets in Resources */ = {isa = PBXBuildFile; fileRef = 8D0D6F0725C3192C00E01B43 /* Assets.xcassets */; };
		8D0D6F0B25C3192C00E01B43 /* Preview Assets.xcassets in Resources */ = {isa = PBXBuildFile; fileRef = 8D0D6F0A25C3192C00E01B43 /* Preview Assets.xcassets */; };
		8D0D6F1525C3197F00E01B43 /* LoginScreen.swift in Sources */ = {isa = PBXBuildFile; fileRef = 8D0D6F1425C3197F00E01B43 /* LoginScreen.swift */; };
		8D0D6F1925C31A0A00E01B43 /* CustomerListScreen.swift in Sources */ = {isa = PBXBuildFile; fileRef = 8D0D6F1825C31A0A00E01B43 /* CustomerListScreen.swift */; };
		8D0D6F1E25C31A2000E01B43 /* Customer.swift in Sources */ = {isa = PBXBuildFile; fileRef = 8D0D6F1D25C31A2000E01B43 /* Customer.swift */; };
		8D0D6F2225C31A3D00E01B43 /* CustomerListViewModel.swift in Sources */ = {isa = PBXBuildFile; fileRef = 8D0D6F2125C31A3D00E01B43 /* CustomerListViewModel.swift */; };
		8D0D6F2625C31A5F00E01B43 /* CustomerService.swift in Sources */ = {isa = PBXBuildFile; fileRef = 8D0D6F2525C31A5F00E01B43 /* CustomerService.swift */; };
		8DC8E96525C33CB9009F6AE5 /* LoginViewModel.swift in Sources */ = {isa = PBXBuildFile; fileRef = 8DC8E96425C33CB9009F6AE5 /* LoginViewModel.swift */; };
/* End PBXBuildFile section */

/* Begin PBXFileReference section */
		8D0D6F0025C3192B00E01B43 /* trySwiftActivities.app */ = {isa = PBXFileReference; explicitFileType = wrapper.application; includeInIndex = 0; path = trySwiftActivities.app; sourceTree = BUILT_PRODUCTS_DIR; };
		8D0D6F0325C3192B00E01B43 /* trySwiftActivitiesApp.swift */ = {isa = PBXFileReference; lastKnownFileType = sourcecode.swift; path = trySwiftActivitiesApp.swift; sourceTree = "<group>"; };
		8D0D6F0525C3192B00E01B43 /* ContentView.swift */ = {isa = PBXFileReference; lastKnownFileType = sourcecode.swift; path = ContentView.swift; sourceTree = "<group>"; };
		8D0D6F0725C3192C00E01B43 /* Assets.xcassets */ = {isa = PBXFileReference; lastKnownFileType = folder.assetcatalog; path = Assets.xcassets; sourceTree = "<group>"; };
		8D0D6F0A25C3192C00E01B43 /* Preview Assets.xcassets */ = {isa = PBXFileReference; lastKnownFileType = folder.assetcatalog; path = "Preview Assets.xcassets"; sourceTree = "<group>"; };
		8D0D6F0C25C3192C00E01B43 /* Info.plist */ = {isa = PBXFileReference; lastKnownFileType = text.plist.xml; path = Info.plist; sourceTree = "<group>"; };
		8D0D6F1425C3197F00E01B43 /* LoginScreen.swift */ = {isa = PBXFileReference; lastKnownFileType = sourcecode.swift; path = LoginScreen.swift; sourceTree = "<group>"; };
		8D0D6F1825C31A0A00E01B43 /* CustomerListScreen.swift */ = {isa = PBXFileReference; lastKnownFileType = sourcecode.swift; path = CustomerListScreen.swift; sourceTree = "<group>"; };
		8D0D6F1D25C31A2000E01B43 /* Customer.swift */ = {isa = PBXFileReference; lastKnownFileType = sourcecode.swift; path = Customer.swift; sourceTree = "<group>"; };
		8D0D6F2125C31A3D00E01B43 /* CustomerListViewModel.swift */ = {isa = PBXFileReference; lastKnownFileType = sourcecode.swift; path = CustomerListViewModel.swift; sourceTree = "<group>"; };
		8D0D6F2525C31A5F00E01B43 /* CustomerService.swift */ = {isa = PBXFileReference; lastKnownFileType = sourcecode.swift; path = CustomerService.swift; sourceTree = "<group>"; };
		8DC8E96425C33CB9009F6AE5 /* LoginViewModel.swift */ = {isa = PBXFileReference; lastKnownFileType = sourcecode.swift; path = LoginViewModel.swift; sourceTree = "<group>"; };
/* End PBXFileReference section */

/* Begin PBXFrameworksBuildPhase section */
		8D0D6EFD25C3192B00E01B43 /* Frameworks */ = {
			isa = PBXFrameworksBuildPhase;
			buildActionMask = 2147483647;
			files = (
			);
			runOnlyForDeploymentPostprocessing = 0;
		};
/* End PBXFrameworksBuildPhase section */

/* Begin PBXGroup section */
		8D0D6EF725C3192B00E01B43 = {
			isa = PBXGroup;
			children = (
				8D0D6F0225C3192B00E01B43 /* trySwiftActivities */,
				8D0D6F0125C3192B00E01B43 /* Products */,
			);
			sourceTree = "<group>";
		};
		8D0D6F0125C3192B00E01B43 /* Products */ = {
			isa = PBXGroup;
			children = (
				8D0D6F0025C3192B00E01B43 /* trySwiftActivities.app */,
			);
			name = Products;
			sourceTree = "<group>";
		};
		8D0D6F0225C3192B00E01B43 /* trySwiftActivities */ = {
			isa = PBXGroup;
			children = (
				8DC8E96225C33BFB009F6AE5 /* Views */,
				8D0D6F2425C31A5100E01B43 /* Services */,
				8D0D6F1C25C31A1300E01B43 /* View Models */,
				8D0D6F1B25C31A0E00E01B43 /* Models */,
				8D0D6F1325C3197000E01B43 /* Screens */,
				8D0D6F0325C3192B00E01B43 /* trySwiftActivitiesApp.swift */,
				8D0D6F0525C3192B00E01B43 /* ContentView.swift */,
				8D0D6F0725C3192C00E01B43 /* Assets.xcassets */,
				8D0D6F0C25C3192C00E01B43 /* Info.plist */,
				8D0D6F0925C3192C00E01B43 /* Preview Content */,
			);
			path = trySwiftActivities;
			sourceTree = "<group>";
		};
		8D0D6F0925C3192C00E01B43 /* Preview Content */ = {
			isa = PBXGroup;
			children = (
				8D0D6F0A25C3192C00E01B43 /* Preview Assets.xcassets */,
			);
			path = "Preview Content";
			sourceTree = "<group>";
		};
		8D0D6F1325C3197000E01B43 /* Screens */ = {
			isa = PBXGroup;
			children = (
				8D0D6F1425C3197F00E01B43 /* LoginScreen.swift */,
				8D0D6F1825C31A0A00E01B43 /* CustomerListScreen.swift */,
			);
			path = Screens;
			sourceTree = "<group>";
		};
		8D0D6F1B25C31A0E00E01B43 /* Models */ = {
			isa = PBXGroup;
			children = (
				8D0D6F1D25C31A2000E01B43 /* Customer.swift */,
			);
			path = Models;
			sourceTree = "<group>";
		};
		8D0D6F1C25C31A1300E01B43 /* View Models */ = {
			isa = PBXGroup;
			children = (
				8D0D6F2125C31A3D00E01B43 /* CustomerListViewModel.swift */,
				8DC8E96425C33CB9009F6AE5 /* LoginViewModel.swift */,
			);
			path = "View Models";
			sourceTree = "<group>";
		};
		8D0D6F2425C31A5100E01B43 /* Services */ = {
			isa = PBXGroup;
			children = (
				8D0D6F2525C31A5F00E01B43 /* CustomerService.swift */,
			);
			path = Services;
			sourceTree = "<group>";
		};
		8DC8E96225C33BFB009F6AE5 /* Views */ = {
			isa = PBXGroup;
			children = (
			);
			path = Views;
			sourceTree = "<group>";
		};
/* End PBXGroup section */

/* Begin PBXNativeTarget section */
		8D0D6EFF25C3192B00E01B43 /* trySwiftActivities */ = {
			isa = PBXNativeTarget;
			buildConfigurationList = 8D0D6F0F25C3192C00E01B43 /* Build configuration list for PBXNativeTarget "trySwiftActivities" */;
			buildPhases = (
				8D0D6EFC25C3192B00E01B43 /* Sources */,
				8D0D6EFD25C3192B00E01B43 /* Frameworks */,
				8D0D6EFE25C3192B00E01B43 /* Resources */,
			);
			buildRules = (
			);
			dependencies = (
			);
			name = trySwiftActivities;
			productName = trySwiftActivities;
			productReference = 8D0D6F0025C3192B00E01B43 /* trySwiftActivities.app */;
			productType = "com.apple.product-type.application";
		};
/* End PBXNativeTarget section */

/* Begin PBXProject section */
		8D0D6EF825C3192B00E01B43 /* Project object */ = {
			isa = PBXProject;
			attributes = {
				LastSwiftUpdateCheck = 1230;
				LastUpgradeCheck = 1230;
				TargetAttributes = {
					8D0D6EFF25C3192B00E01B43 = {
						CreatedOnToolsVersion = 12.3;
					};
				};
			};
			buildConfigurationList = 8D0D6EFB25C3192B00E01B43 /* Build configuration list for PBXProject "trySwiftActivities" */;
			compatibilityVersion = "Xcode 9.3";
			developmentRegion = en;
			hasScannedForEncodings = 0;
			knownRegions = (
				en,
				Base,
			);
			mainGroup = 8D0D6EF725C3192B00E01B43;
			productRefGroup = 8D0D6F0125C3192B00E01B43 /* Products */;
			projectDirPath = "";
			projectRoot = "";
			targets = (
				8D0D6EFF25C3192B00E01B43 /* trySwiftActivities */,
			);
		};
/* End PBXProject section */

/* Begin PBXResourcesBuildPhase section */
		8D0D6EFE25C3192B00E01B43 /* Resources */ = {
			isa = PBXResourcesBuildPhase;
			buildActionMask = 2147483647;
			files = (
				8D0D6F0B25C3192C00E01B43 /* Preview Assets.xcassets in Resources */,
				8D0D6F0825C3192C00E01B43 /* Assets.xcassets in Resources */,
			);
			runOnlyForDeploymentPostprocessing = 0;
		};
/* End PBXResourcesBuildPhase section */

/* Begin PBXSourcesBuildPhase section */
		8D0D6EFC25C3192B00E01B43 /* Sources */ = {
			isa = PBXSourcesBuildPhase;
			buildActionMask = 2147483647;
			files = (
				8D0D6F0625C3192B00E01B43 /* ContentView.swift in Sources */,
				8D0D6F2625C31A5F00E01B43 /* CustomerService.swift in Sources */,
				8D0D6F1E25C31A2000E01B43 /* Customer.swift in Sources */,
				8D0D6F2225C31A3D00E01B43 /* CustomerListViewModel.swift in Sources */,
				8DC8E96525C33CB9009F6AE5 /* LoginViewModel.swift in Sources */,
				8D0D6F1925C31A0A00E01B43 /* CustomerListScreen.swift in Sources */,
				8D0D6F0425C3192B00E01B43 /* trySwiftActivitiesApp.swift in Sources */,
				8D0D6F1525C3197F00E01B43 /* LoginScreen.swift in Sources */,
			);
			runOnlyForDeploymentPostprocessing = 0;
		};
/* End PBXSourcesBuildPhase section */

/* Begin XCBuildConfiguration section */
		8D0D6F0D25C3192C00E01B43 /* Debug */ = {
			isa = XCBuildConfiguration;
			buildSettings = {
				ALWAYS_SEARCH_USER_PATHS = NO;
				CLANG_ANALYZER_NONNULL = YES;
				CLANG_ANALYZER_NUMBER_OBJECT_CONVERSION = YES_AGGRESSIVE;
				CLANG_CXX_LANGUAGE_STANDARD = "gnu++14";
				CLANG_CXX_LIBRARY = "libc++";
				CLANG_ENABLE_MODULES = YES;
				CLANG_ENABLE_OBJC_ARC = YES;
				CLANG_ENABLE_OBJC_WEAK = YES;
				CLANG_WARN_BLOCK_CAPTURE_AUTORELEASING = YES;
				CLANG_WARN_BOOL_CONVERSION = YES;
				CLANG_WARN_COMMA = YES;
				CLANG_WARN_CONSTANT_CONVERSION = YES;
				CLANG_WARN_DEPRECATED_OBJC_IMPLEMENTATIONS = YES;
				CLANG_WARN_DIRECT_OBJC_ISA_USAGE = YES_ERROR;
				CLANG_WARN_DOCUMENTATION_COMMENTS = YES;
				CLANG_WARN_EMPTY_BODY = YES;
				CLANG_WARN_ENUM_CONVERSION = YES;
				CLANG_WARN_INFINITE_RECURSION = YES;
				CLANG_WARN_INT_CONVERSION = YES;
				CLANG_WARN_NON_LITERAL_NULL_CONVERSION = YES;
				CLANG_WARN_OBJC_IMPLICIT_RETAIN_SELF = YES;
				CLANG_WARN_OBJC_LITERAL_CONVERSION = YES;
				CLANG_WARN_OBJC_ROOT_CLASS = YES_ERROR;
				CLANG_WARN_QUOTED_INCLUDE_IN_FRAMEWORK_HEADER = YES;
				CLANG_WARN_RANGE_LOOP_ANALYSIS = YES;
				CLANG_WARN_STRICT_PROTOTYPES = YES;
				CLANG_WARN_SUSPICIOUS_MOVE = YES;
				CLANG_WARN_UNGUARDED_AVAILABILITY = YES_AGGRESSIVE;
				CLANG_WARN_UNREACHABLE_CODE = YES;
				CLANG_WARN__DUPLICATE_METHOD_MATCH = YES;
				COPY_PHASE_STRIP = NO;
				DEBUG_INFORMATION_FORMAT = dwarf;
				ENABLE_STRICT_OBJC_MSGSEND = YES;
				ENABLE_TESTABILITY = YES;
				GCC_C_LANGUAGE_STANDARD = gnu11;
				GCC_DYNAMIC_NO_PIC = NO;
				GCC_NO_COMMON_BLOCKS = YES;
				GCC_OPTIMIZATION_LEVEL = 0;
				GCC_PREPROCESSOR_DEFINITIONS = (
					"DEBUG=1",
					"$(inherited)",
				);
				GCC_WARN_64_TO_32_BIT_CONVERSION = YES;
				GCC_WARN_ABOUT_RETURN_TYPE = YES_ERROR;
				GCC_WARN_UNDECLARED_SELECTOR = YES;
				GCC_WARN_UNINITIALIZED_AUTOS = YES_AGGRESSIVE;
				GCC_WARN_UNUSED_FUNCTION = YES;
				GCC_WARN_UNUSED_VARIABLE = YES;
				IPHONEOS_DEPLOYMENT_TARGET = 14.3;
				MTL_ENABLE_DEBUG_INFO = INCLUDE_SOURCE;
				MTL_FAST_MATH = YES;
				ONLY_ACTIVE_ARCH = YES;
				SDKROOT = iphoneos;
				SWIFT_ACTIVE_COMPILATION_CONDITIONS = DEBUG;
				SWIFT_OPTIMIZATION_LEVEL = "-Onone";
			};
			name = Debug;
		};
		8D0D6F0E25C3192C00E01B43 /* Release */ = {
			isa = XCBuildConfiguration;
			buildSettings = {
				ALWAYS_SEARCH_USER_PATHS = NO;
				CLANG_ANALYZER_NONNULL = YES;
				CLANG_ANALYZER_NUMBER_OBJECT_CONVERSION = YES_AGGRESSIVE;
				CLANG_CXX_LANGUAGE_STANDARD = "gnu++14";
				CLANG_CXX_LIBRARY = "libc++";
				CLANG_ENABLE_MODULES = YES;
				CLANG_ENABLE_OBJC_ARC = YES;
				CLANG_ENABLE_OBJC_WEAK = YES;
				CLANG_WARN_BLOCK_CAPTURE_AUTORELEASING = YES;
				CLANG_WARN_BOOL_CONVERSION = YES;
				CLANG_WARN_COMMA = YES;
				CLANG_WARN_CONSTANT_CONVERSION = YES;
				CLANG_WARN_DEPRECATED_OBJC_IMPLEMENTATIONS = YES;
				CLANG_WARN_DIRECT_OBJC_ISA_USAGE = YES_ERROR;
				CLANG_WARN_DOCUMENTATION_COMMENTS = YES;
				CLANG_WARN_EMPTY_BODY = YES;
				CLANG_WARN_ENUM_CONVERSION = YES;
				CLANG_WARN_INFINITE_RECURSION = YES;
				CLANG_WARN_INT_CONVERSION = YES;
				CLANG_WARN_NON_LITERAL_NULL_CONVERSION = YES;
				CLANG_WARN_OBJC_IMPLICIT_RETAIN_SELF = YES;
				CLANG_WARN_OBJC_LITERAL_CONVERSION = YES;
				CLANG_WARN_OBJC_ROOT_CLASS = YES_ERROR;
				CLANG_WARN_QUOTED_INCLUDE_IN_FRAMEWORK_HEADER = YES;
				CLANG_WARN_RANGE_LOOP_ANALYSIS = YES;
				CLANG_WARN_STRICT_PROTOTYPES = YES;
				CLANG_WARN_SUSPICIOUS_MOVE = YES;
				CLANG_WARN_UNGUARDED_AVAILABILITY = YES_AGGRESSIVE;
				CLANG_WARN_UNREACHABLE_CODE = YES;
				CLANG_WARN__DUPLICATE_METHOD_MATCH = YES;
				COPY_PHASE_STRIP = NO;
				DEBUG_INFORMATION_FORMAT = "dwarf-with-dsym";
				ENABLE_NS_ASSERTIONS = NO;
				ENABLE_STRICT_OBJC_MSGSEND = YES;
				GCC_C_LANGUAGE_STANDARD = gnu11;
				GCC_NO_COMMON_BLOCKS = YES;
				GCC_WARN_64_TO_32_BIT_CONVERSION = YES;
				GCC_WARN_ABOUT_RETURN_TYPE = YES_ERROR;
				GCC_WARN_UNDECLARED_SELECTOR = YES;
				GCC_WARN_UNINITIALIZED_AUTOS = YES_AGGRESSIVE;
				GCC_WARN_UNUSED_FUNCTION = YES;
				GCC_WARN_UNUSED_VARIABLE = YES;
				IPHONEOS_DEPLOYMENT_TARGET = 14.3;
				MTL_ENABLE_DEBUG_INFO = NO;
				MTL_FAST_MATH = YES;
				SDKROOT = iphoneos;
				SWIFT_COMPILATION_MODE = wholemodule;
				SWIFT_OPTIMIZATION_LEVEL = "-O";
				VALIDATE_PRODUCT = YES;
			};
			name = Release;
		};
		8D0D6F1025C3192C00E01B43 /* Debug */ = {
			isa = XCBuildConfiguration;
			buildSettings = {
				ASSETCATALOG_COMPILER_APPICON_NAME = AppIcon;
				ASSETCATALOG_COMPILER_GLOBAL_ACCENT_COLOR_NAME = AccentColor;
				CODE_SIGN_STYLE = Automatic;
				DEVELOPMENT_ASSET_PATHS = "\"trySwiftActivities/Preview Content\"";
				DEVELOPMENT_TEAM = B2Q8EGNCQA;
				ENABLE_PREVIEWS = YES;
				INFOPLIST_FILE = trySwiftActivities/Info.plist;
				IPHONEOS_DEPLOYMENT_TARGET = 14.0;
				LD_RUNPATH_SEARCH_PATHS = (
					"$(inherited)",
					"@executable_path/Frameworks",
				);
				PRODUCT_BUNDLE_IDENTIFIER = com.azamsharp.trySwiftActivities;
				PRODUCT_NAME = "$(TARGET_NAME)";
				SWIFT_VERSION = 5.0;
				TARGETED_DEVICE_FAMILY = "1,2";
			};
			name = Debug;
		};
		8D0D6F1125C3192C00E01B43 /* Release */ = {
			isa = XCBuildConfiguration;
			buildSettings = {
				ASSETCATALOG_COMPILER_APPICON_NAME = AppIcon;
				ASSETCATALOG_COMPILER_GLOBAL_ACCENT_COLOR_NAME = AccentColor;
				CODE_SIGN_STYLE = Automatic;
				DEVELOPMENT_ASSET_PATHS = "\"trySwiftActivities/Preview Content\"";
				DEVELOPMENT_TEAM = B2Q8EGNCQA;
				ENABLE_PREVIEWS = YES;
				INFOPLIST_FILE = trySwiftActivities/Info.plist;
				IPHONEOS_DEPLOYMENT_TARGET = 14.0;
				LD_RUNPATH_SEARCH_PATHS = (
					"$(inherited)",
					"@executable_path/Frameworks",
				);
				PRODUCT_BUNDLE_IDENTIFIER = com.azamsharp.trySwiftActivities;
				PRODUCT_NAME = "$(TARGET_NAME)";
				SWIFT_VERSION = 5.0;
				TARGETED_DEVICE_FAMILY = "1,2";
			};
			name = Release;
		};
/* End XCBuildConfiguration section */

/* Begin XCConfigurationList section */
		8D0D6EFB25C3192B00E01B43 /* Build configuration list for PBXProject "trySwiftActivities" */ = {
			isa = XCConfigurationList;
			buildConfigurations = (
				8D0D6F0D25C3192C00E01B43 /* Debug */,
				8D0D6F0E25C3192C00E01B43 /* Release */,
			);
			defaultConfigurationIsVisible = 0;
			defaultConfigurationName = Release;
		};
		8D0D6F0F25C3192C00E01B43 /* Build configuration list for PBXNativeTarget "trySwiftActivities" */ = {
			isa = XCConfigurationList;
			buildConfigurations = (
				8D0D6F1025C3192C00E01B43 /* Debug */,
				8D0D6F1125C3192C00E01B43 /* Release */,
			);
			defaultConfigurationIsVisible = 0;
			defaultConfigurationName = Release;
		};
/* End XCConfigurationList section */
	};
	rootObject = 8D0D6EF825C3192B00E01B43 /* Project object */;
}
